
Microsoft Visual Studio Solution File, Format Version 12.00
# Visual Studio Version 17
VisualStudioVersion = 17.8.34322.80
MinimumVisualStudioVersion = 10.0.40219.1
Project("{9A19103F-16F7-4668-BE54-9A1E7A4F7556}") = "PokedexAPI", "PokedexAPI\PokedexAPI.csproj", "{7354DB2A-AC0B-4F13-8465-8180A4B00538}"
EndProject
Project("{9A19103F-16F7-4668-BE54-9A1E7A4F7556}") = "PokedexDb", "PokedexDb\PokedexDb.csproj", "{724135BF-466F-429F-BBB8-F327300CDD3B}"
EndProject
Project("{9A19103F-16F7-4668-BE54-9A1E7A4F7556}") = "PokedexShared", "PokedexShared\PokedexShared.csproj", "{A98654A4-6961-4C4B-8BCF-F81E60709681}"
EndProject
Project("{9A19103F-16F7-4668-BE54-9A1E7A4F7556}") = "PokedexClient", "PokedexClient\PokedexClient.csproj", "{48F34D8A-171B-4475-8FE9-8E7C7312FB9D}"
EndProject
Global
	GlobalSection(SolutionConfigurationPlatforms) = preSolution
		Debug|Any CPU = Debug|Any CPU
		Release|Any CPU = Release|Any CPU
	EndGlobalSection
	GlobalSection(ProjectConfigurationPlatforms) = postSolution
		{7354DB2A-AC0B-4F13-8465-8180A4B00538}.Debug|Any CPU.ActiveCfg = Debug|Any CPU
		{7354DB2A-AC0B-4F13-8465-8180A4B00538}.Debug|Any CPU.Build.0 = Debug|Any CPU
		{7354DB2A-AC0B-4F13-8465-8180A4B00538}.Release|Any CPU.ActiveCfg = Release|Any CPU
		{7354DB2A-AC0B-4F13-8465-8180A4B00538}.Release|Any CPU.Build.0 = Release|Any CPU
		{724135BF-466F-429F-BBB8-F327300CDD3B}.Debug|Any CPU.ActiveCfg = Debug|Any CPU
		{724135BF-466F-429F-BBB8-F327300CDD3B}.Debug|Any CPU.Build.0 = Debug|Any CPU
		{724135BF-466F-429F-BBB8-F327300CDD3B}.Release|Any CPU.ActiveCfg = Release|Any CPU
		{724135BF-466F-429F-BBB8-F327300CDD3B}.Release|Any CPU.Build.0 = Release|Any CPU
		{A98654A4-6961-4C4B-8BCF-F81E60709681}.Debug|Any CPU.ActiveCfg = Debug|Any CPU
		{A98654A4-6961-4C4B-8BCF-F81E60709681}.Debug|Any CPU.Build.0 = Debug|Any CPU
		{A98654A4-6961-4C4B-8BCF-F81E60709681}.Release|Any CPU.ActiveCfg = Release|Any CPU
		{A98654A4-6961-4C4B-8BCF-F81E60709681}.Release|Any CPU.Build.0 = Release|Any CPU
		{48F34D8A-171B-4475-8FE9-8E7C7312FB9D}.Debug|Any CPU.ActiveCfg = Debug|Any CPU
		{48F34D8A-171B-4475-8FE9-8E7C7312FB9D}.Debug|Any CPU.Build.0 = Debug|Any CPU
		{48F34D8A-171B-4475-8FE9-8E7C7312FB9D}.Release|Any CPU.ActiveCfg = Release|Any CPU
		{48F34D8A-171B-4475-8FE9-8E7C7312FB9D}.Release|Any CPU.Build.0 = Release|Any CPU
	EndGlobalSection
	GlobalSection(SolutionProperties) = preSolution
		HideSolutionNode = FALSE
	EndGlobalSection
	GlobalSection(ExtensibilityGlobals) = postSolution
		SolutionGuid = {09397015-4E46-454E-A97D-684B118448AF}
	EndGlobalSection
EndGlobal
